
Microsoft Visual Studio Solution File, Format Version 12.00
# Visual Studio 15
VisualStudioVersion = 15.0.28307.1082
MinimumVisualStudioVersion = 10.0.40219.1
Project("{FAE04EC0-301F-11D3-BF4B-00C04F79EFBC}") = "OnlinePapermarking", "OnlinePapermarking\OnlinePapermarking.csproj", "{1BE1C8DD-9FDB-48A2-85B4-8E88508868CA}"
EndProject
Global
	GlobalSection(SolutionConfigurationPlatforms) = preSolution
		Debug|Any CPU = Debug|Any CPU
		Release|Any CPU = Release|Any CPU
	EndGlobalSection
	GlobalSection(ProjectConfigurationPlatforms) = postSolution
		{1BE1C8DD-9FDB-48A2-85B4-8E88508868CA}.Debug|Any CPU.ActiveCfg = Debug|Any CPU
		{1BE1C8DD-9FDB-48A2-85B4-8E88508868CA}.Debug|Any CPU.Build.0 = Debug|Any CPU
		{1BE1C8DD-9FDB-48A2-85B4-8E88508868CA}.Release|Any CPU.ActiveCfg = Release|Any CPU
		{1BE1C8DD-9FDB-48A2-85B4-8E88508868CA}.Release|Any CPU.Build.0 = Release|Any CPU
	EndGlobalSection
	GlobalSection(SolutionProperties) = preSolution
		HideSolutionNode = FALSE
	EndGlobalSection
	GlobalSection(ExtensibilityGlobals) = postSolution
		SolutionGuid = {9B9145DE-6A0E-45EF-8549-7AD588A6462F}
	EndGlobalSection
EndGlobal
